// !$*UTF8*$!
{
	archiveVersion = 1;
	classes = {
	};
	objectVersion = 46;
	objects = {

/* Begin PBXBuildFile section */
		1C405D10CC17F2C7968512C6 /* Pods_PokeFinder.framework in Frameworks */ = {isa = PBXBuildFile; fileRef = 95CA1899E63E1FA49801F3B5 /* Pods_PokeFinder.framework */; };
		EB2665C11EFEB7ED003CB4F5 /* AppDelegate.swift in Sources */ = {isa = PBXBuildFile; fileRef = EB2665C01EFEB7ED003CB4F5 /* AppDelegate.swift */; };
		EB2665C31EFEB7ED003CB4F5 /* ViewController.swift in Sources */ = {isa = PBXBuildFile; fileRef = EB2665C21EFEB7ED003CB4F5 /* ViewController.swift */; };
		EB2665C61EFEB7ED003CB4F5 /* Main.storyboard in Resources */ = {isa = PBXBuildFile; fileRef = EB2665C41EFEB7ED003CB4F5 /* Main.storyboard */; };
		EB2665C81EFEB7ED003CB4F5 /* Assets.xcassets in Resources */ = {isa = PBXBuildFile; fileRef = EB2665C71EFEB7ED003CB4F5 /* Assets.xcassets */; };
		EB2665CB1EFEB7ED003CB4F5 /* LaunchScreen.storyboard in Resources */ = {isa = PBXBuildFile; fileRef = EB2665C91EFEB7ED003CB4F5 /* LaunchScreen.storyboard */; };
		EB2665D31EFEB811003CB4F5 /* GoogleService-Info.plist in Resources */ = {isa = PBXBuildFile; fileRef = EB2665D21EFEB811003CB4F5 /* GoogleService-Info.plist */; };
		EB2665E61EFEBA2C003CB4F5 /* GeoFire.m in Sources */ = {isa = PBXBuildFile; fileRef = EB2665DD1EFEBA2C003CB4F5 /* GeoFire.m */; };
		EB2665E71EFEBA2C003CB4F5 /* GFBase32Utils.m in Sources */ = {isa = PBXBuildFile; fileRef = EB2665DF1EFEBA2C003CB4F5 /* GFBase32Utils.m */; };
		EB2665E81EFEBA2C003CB4F5 /* GFGeoHash.m in Sources */ = {isa = PBXBuildFile; fileRef = EB2665E11EFEBA2C003CB4F5 /* GFGeoHash.m */; };
		EB2665E91EFEBA2C003CB4F5 /* GFGeoHashQuery.m in Sources */ = {isa = PBXBuildFile; fileRef = EB2665E31EFEBA2C003CB4F5 /* GFGeoHashQuery.m */; };
		EB2665EA1EFEBA2C003CB4F5 /* GFQuery.m in Sources */ = {isa = PBXBuildFile; fileRef = EB2665E51EFEBA2C003CB4F5 /* GFQuery.m */; };
		EB623B301F0131DC005A614B /* PokeAnnotation.swift in Sources */ = {isa = PBXBuildFile; fileRef = EB623B2F1F0131DC005A614B /* PokeAnnotation.swift */; };
/* End PBXBuildFile section */

/* Begin PBXFileReference section */
		2720EE322F0D5F776C3A5ED5 /* Pods-PokeFinder.debug.xcconfig */ = {isa = PBXFileReference; includeInIndex = 1; lastKnownFileType = text.xcconfig; name = "Pods-PokeFinder.debug.xcconfig"; path = "Pods/Target Support Files/Pods-PokeFinder/Pods-PokeFinder.debug.xcconfig"; sourceTree = "<group>"; };
		5349045963E7D9F9C55F0C69 /* Pods-PokeFinder.release.xcconfig */ = {isa = PBXFileReference; includeInIndex = 1; lastKnownFileType = text.xcconfig; name = "Pods-PokeFinder.release.xcconfig"; path = "Pods/Target Support Files/Pods-PokeFinder/Pods-PokeFinder.release.xcconfig"; sourceTree = "<group>"; };
		95CA1899E63E1FA49801F3B5 /* Pods_PokeFinder.framework */ = {isa = PBXFileReference; explicitFileType = wrapper.framework; includeInIndex = 0; path = Pods_PokeFinder.framework; sourceTree = BUILT_PRODUCTS_DIR; };
		EB2665BD1EFEB7ED003CB4F5 /* PokeFinder.app */ = {isa = PBXFileReference; explicitFileType = wrapper.application; includeInIndex = 0; path = PokeFinder.app; sourceTree = BUILT_PRODUCTS_DIR; };
		EB2665C01EFEB7ED003CB4F5 /* AppDelegate.swift */ = {isa = PBXFileReference; lastKnownFileType = sourcecode.swift; path = AppDelegate.swift; sourceTree = "<group>"; };
		EB2665C21EFEB7ED003CB4F5 /* ViewController.swift */ = {isa = PBXFileReference; lastKnownFileType = sourcecode.swift; path = ViewController.swift; sourceTree = "<group>"; };
		EB2665C51EFEB7ED003CB4F5 /* Base */ = {isa = PBXFileReference; lastKnownFileType = file.storyboard; name = Base; path = Base.lproj/Main.storyboard; sourceTree = "<group>"; };
		EB2665C71EFEB7ED003CB4F5 /* Assets.xcassets */ = {isa = PBXFileReference; lastKnownFileType = folder.assetcatalog; path = Assets.xcassets; sourceTree = "<group>"; };
		EB2665CA1EFEB7ED003CB4F5 /* Base */ = {isa = PBXFileReference; lastKnownFileType = file.storyboard; name = Base; path = Base.lproj/LaunchScreen.storyboard; sourceTree = "<group>"; };
		EB2665CC1EFEB7ED003CB4F5 /* Info.plist */ = {isa = PBXFileReference; lastKnownFileType = text.plist.xml; path = Info.plist; sourceTree = "<group>"; };
		EB2665D21EFEB811003CB4F5 /* GoogleService-Info.plist */ = {isa = PBXFileReference; fileEncoding = 4; lastKnownFileType = text.plist.xml; path = "GoogleService-Info.plist"; sourceTree = "<group>"; };
		EB2665D61EFEBA2C003CB4F5 /* GeoFire.h */ = {isa = PBXFileReference; fileEncoding = 4; lastKnownFileType = sourcecode.c.h; path = GeoFire.h; sourceTree = "<group>"; };
		EB2665D71EFEBA2C003CB4F5 /* GFCircleQuery.h */ = {isa = PBXFileReference; fileEncoding = 4; lastKnownFileType = sourcecode.c.h; path = GFCircleQuery.h; sourceTree = "<group>"; };
		EB2665D81EFEBA2C003CB4F5 /* GFQuery.h */ = {isa = PBXFileReference; fileEncoding = 4; lastKnownFileType = sourcecode.c.h; path = GFQuery.h; sourceTree = "<group>"; };
		EB2665D91EFEBA2C003CB4F5 /* GFRegionQuery.h */ = {isa = PBXFileReference; fileEncoding = 4; lastKnownFileType = sourcecode.c.h; path = GFRegionQuery.h; sourceTree = "<group>"; };
		EB2665DA1EFEBA2C003CB4F5 /* GeoFire-Prefix.pch */ = {isa = PBXFileReference; fileEncoding = 4; lastKnownFileType = sourcecode.c.h; path = "GeoFire-Prefix.pch"; sourceTree = "<group>"; };
		EB2665DC1EFEBA2C003CB4F5 /* GeoFire+Private.h */ = {isa = PBXFileReference; fileEncoding = 4; lastKnownFileType = sourcecode.c.h; path = "GeoFire+Private.h"; sourceTree = "<group>"; };
		EB2665DD1EFEBA2C003CB4F5 /* GeoFire.m */ = {isa = PBXFileReference; fileEncoding = 4; lastKnownFileType = sourcecode.c.objc; path = GeoFire.m; sourceTree = "<group>"; };
		EB2665DE1EFEBA2C003CB4F5 /* GFBase32Utils.h */ = {isa = PBXFileReference; fileEncoding = 4; lastKnownFileType = sourcecode.c.h; path = GFBase32Utils.h; sourceTree = "<group>"; };
		EB2665DF1EFEBA2C003CB4F5 /* GFBase32Utils.m */ = {isa = PBXFileReference; fileEncoding = 4; lastKnownFileType = sourcecode.c.objc; path = GFBase32Utils.m; sourceTree = "<group>"; };
		EB2665E01EFEBA2C003CB4F5 /* GFGeoHash.h */ = {isa = PBXFileReference; fileEncoding = 4; lastKnownFileType = sourcecode.c.h; path = GFGeoHash.h; sourceTree = "<group>"; };
		EB2665E11EFEBA2C003CB4F5 /* GFGeoHash.m */ = {isa = PBXFileReference; fileEncoding = 4; lastKnownFileType = sourcecode.c.objc; path = GFGeoHash.m; sourceTree = "<group>"; };
		EB2665E21EFEBA2C003CB4F5 /* GFGeoHashQuery.h */ = {isa = PBXFileReference; fileEncoding = 4; lastKnownFileType = sourcecode.c.h; path = GFGeoHashQuery.h; sourceTree = "<group>"; };
		EB2665E31EFEBA2C003CB4F5 /* GFGeoHashQuery.m */ = {isa = PBXFileReference; fileEncoding = 4; lastKnownFileType = sourcecode.c.objc; path = GFGeoHashQuery.m; sourceTree = "<group>"; };
		EB2665E41EFEBA2C003CB4F5 /* GFQuery+Private.h */ = {isa = PBXFileReference; fileEncoding = 4; lastKnownFileType = sourcecode.c.h; path = "GFQuery+Private.h"; sourceTree = "<group>"; };
		EB2665E51EFEBA2C003CB4F5 /* GFQuery.m */ = {isa = PBXFileReference; fileEncoding = 4; lastKnownFileType = sourcecode.c.objc; path = GFQuery.m; sourceTree = "<group>"; };
		EB2665EE1EFEBB93003CB4F5 /* PokeFinder-Bridging-Header.h */ = {isa = PBXFileReference; fileEncoding = 4; lastKnownFileType = sourcecode.c.h; path = "PokeFinder-Bridging-Header.h"; sourceTree = "<group>"; };
		EB623B2F1F0131DC005A614B /* PokeAnnotation.swift */ = {isa = PBXFileReference; fileEncoding = 4; lastKnownFileType = sourcecode.swift; path = PokeAnnotation.swift; sourceTree = "<group>"; };
/* End PBXFileReference section */

/* Begin PBXFrameworksBuildPhase section */
		EB2665BA1EFEB7ED003CB4F5 /* Frameworks */ = {
			isa = PBXFrameworksBuildPhase;
			buildActionMask = 2147483647;
			files = (
				1C405D10CC17F2C7968512C6 /* Pods_PokeFinder.framework in Frameworks */,
			);
			runOnlyForDeploymentPostprocessing = 0;
		};
/* End PBXFrameworksBuildPhase section */

/* Begin PBXGroup section */
		5AB2FB63F3A65385A33DCB73 /* Frameworks */ = {
			isa = PBXGroup;
			children = (
				95CA1899E63E1FA49801F3B5 /* Pods_PokeFinder.framework */,
			);
			name = Frameworks;
			sourceTree = "<group>";
		};
		DA5FE2CA52E215CFCC5A6C64 /* Pods */ = {
			isa = PBXGroup;
			children = (
				2720EE322F0D5F776C3A5ED5 /* Pods-PokeFinder.debug.xcconfig */,
				5349045963E7D9F9C55F0C69 /* Pods-PokeFinder.release.xcconfig */,
			);
			name = Pods;
			sourceTree = "<group>";
		};
		EB2665B41EFEB7ED003CB4F5 = {
			isa = PBXGroup;
			children = (
				EB2665BF1EFEB7ED003CB4F5 /* PokeFinder */,
				EB2665BE1EFEB7ED003CB4F5 /* Products */,
				DA5FE2CA52E215CFCC5A6C64 /* Pods */,
				5AB2FB63F3A65385A33DCB73 /* Frameworks */,
			);
			sourceTree = "<group>";
		};
		EB2665BE1EFEB7ED003CB4F5 /* Products */ = {
			isa = PBXGroup;
			children = (
				EB2665BD1EFEB7ED003CB4F5 /* PokeFinder.app */,
			);
			name = Products;
			sourceTree = "<group>";
		};
		EB2665BF1EFEB7ED003CB4F5 /* PokeFinder */ = {
			isa = PBXGroup;
			children = (
				EB623B2D1F013163005A614B /* Model */,
				EB623B2E1F013167005A614B /* View */,
				EB623B2C1F01315C005A614B /* Controller */,
				EB2665D41EFEBA2C003CB4F5 /* GeoFire */,
				EB2665EE1EFEBB93003CB4F5 /* PokeFinder-Bridging-Header.h */,
				EB2665C01EFEB7ED003CB4F5 /* AppDelegate.swift */,
				EB2665C71EFEB7ED003CB4F5 /* Assets.xcassets */,
				EB2665C41EFEB7ED003CB4F5 /* Main.storyboard */,
				EB2665C91EFEB7ED003CB4F5 /* LaunchScreen.storyboard */,
				EB2665CC1EFEB7ED003CB4F5 /* Info.plist */,
				EB2665D21EFEB811003CB4F5 /* GoogleService-Info.plist */,
			);
			path = PokeFinder;
			sourceTree = "<group>";
		};
		EB2665D41EFEBA2C003CB4F5 /* GeoFire */ = {
			isa = PBXGroup;
			children = (
				EB2665D51EFEBA2C003CB4F5 /* API */,
				EB2665DA1EFEBA2C003CB4F5 /* GeoFire-Prefix.pch */,
				EB2665DB1EFEBA2C003CB4F5 /* Implementation */,
			);
			path = GeoFire;
			sourceTree = "<group>";
		};
		EB2665D51EFEBA2C003CB4F5 /* API */ = {
			isa = PBXGroup;
			children = (
				EB2665D61EFEBA2C003CB4F5 /* GeoFire.h */,
				EB2665D71EFEBA2C003CB4F5 /* GFCircleQuery.h */,
				EB2665D81EFEBA2C003CB4F5 /* GFQuery.h */,
				EB2665D91EFEBA2C003CB4F5 /* GFRegionQuery.h */,
			);
			path = API;
			sourceTree = "<group>";
		};
		EB2665DB1EFEBA2C003CB4F5 /* Implementation */ = {
			isa = PBXGroup;
			children = (
				EB2665DC1EFEBA2C003CB4F5 /* GeoFire+Private.h */,
				EB2665DD1EFEBA2C003CB4F5 /* GeoFire.m */,
				EB2665DE1EFEBA2C003CB4F5 /* GFBase32Utils.h */,
				EB2665DF1EFEBA2C003CB4F5 /* GFBase32Utils.m */,
				EB2665E01EFEBA2C003CB4F5 /* GFGeoHash.h */,
				EB2665E11EFEBA2C003CB4F5 /* GFGeoHash.m */,
				EB2665E21EFEBA2C003CB4F5 /* GFGeoHashQuery.h */,
				EB2665E31EFEBA2C003CB4F5 /* GFGeoHashQuery.m */,
				EB2665E41EFEBA2C003CB4F5 /* GFQuery+Private.h */,
				EB2665E51EFEBA2C003CB4F5 /* GFQuery.m */,
			);
			path = Implementation;
			sourceTree = "<group>";
		};
		EB623B2C1F01315C005A614B /* Controller */ = {
			isa = PBXGroup;
			children = (
				EB2665C21EFEB7ED003CB4F5 /* ViewController.swift */,
			);
			name = Controller;
			sourceTree = "<group>";
		};
		EB623B2D1F013163005A614B /* Model */ = {
			isa = PBXGroup;
			children = (
				EB623B2F1F0131DC005A614B /* PokeAnnotation.swift */,
			);
			name = Model;
			sourceTree = "<group>";
		};
		EB623B2E1F013167005A614B /* View */ = {
			isa = PBXGroup;
			children = (
			);
			name = View;
			sourceTree = "<group>";
		};
/* End PBXGroup section */

/* Begin PBXNativeTarget section */
		EB2665BC1EFEB7ED003CB4F5 /* PokeFinder */ = {
			isa = PBXNativeTarget;
			buildConfigurationList = EB2665CF1EFEB7ED003CB4F5 /* Build configuration list for PBXNativeTarget "PokeFinder" */;
			buildPhases = (
				A15FFB69BA9578B609E7311C /* [CP] Check Pods Manifest.lock */,
				EB2665B91EFEB7ED003CB4F5 /* Sources */,
				EB2665BA1EFEB7ED003CB4F5 /* Frameworks */,
				EB2665BB1EFEB7ED003CB4F5 /* Resources */,
				CBEE1E9C02C4FF4665DB2834 /* [CP] Embed Pods Frameworks */,
				02676479144FA0246AC4E0CE /* [CP] Copy Pods Resources */,
			);
			buildRules = (
			);
			dependencies = (
			);
			name = PokeFinder;
			productName = PokeFinder;
			productReference = EB2665BD1EFEB7ED003CB4F5 /* PokeFinder.app */;
			productType = "com.apple.product-type.application";
		};
/* End PBXNativeTarget section */

/* Begin PBXProject section */
		EB2665B51EFEB7ED003CB4F5 /* Project object */ = {
			isa = PBXProject;
			attributes = {
				LastSwiftUpdateCheck = 0830;
				LastUpgradeCheck = 0830;
				ORGANIZATIONNAME = "the Luckiest";
				TargetAttributes = {
					EB2665BC1EFEB7ED003CB4F5 = {
						CreatedOnToolsVersion = 8.3.3;
						DevelopmentTeam = Z59CRYWHG5;
						ProvisioningStyle = Automatic;
					};
				};
			};
			buildConfigurationList = EB2665B81EFEB7ED003CB4F5 /* Build configuration list for PBXProject "PokeFinder" */;
			compatibilityVersion = "Xcode 3.2";
			developmentRegion = English;
			hasScannedForEncodings = 0;
			knownRegions = (
				en,
				Base,
			);
			mainGroup = EB2665B41EFEB7ED003CB4F5;
			productRefGroup = EB2665BE1EFEB7ED003CB4F5 /* Products */;
			projectDirPath = "";
			projectRoot = "";
			targets = (
				EB2665BC1EFEB7ED003CB4F5 /* PokeFinder */,
			);
		};
/* End PBXProject section */

/* Begin PBXResourcesBuildPhase section */
		EB2665BB1EFEB7ED003CB4F5 /* Resources */ = {
			isa = PBXResourcesBuildPhase;
			buildActionMask = 2147483647;
			files = (
				EB2665CB1EFEB7ED003CB4F5 /* LaunchScreen.storyboard in Resources */,
				EB2665D31EFEB811003CB4F5 /* GoogleService-Info.plist in Resources */,
				EB2665C81EFEB7ED003CB4F5 /* Assets.xcassets in Resources */,
				EB2665C61EFEB7ED003CB4F5 /* Main.storyboard in Resources */,
			);
			runOnlyForDeploymentPostprocessing = 0;
		};
/* End PBXResourcesBuildPhase section */

/* Begin PBXShellScriptBuildPhase section */
		02676479144FA0246AC4E0CE /* [CP] Copy Pods Resources */ = {
			isa = PBXShellScriptBuildPhase;
			buildActionMask = 2147483647;
			files = (
			);
			inputPaths = (
			);
			name = "[CP] Copy Pods Resources";
			outputPaths = (
			);
			runOnlyForDeploymentPostprocessing = 0;
			shellPath = /bin/sh;
			shellScript = "\"${SRCROOT}/Pods/Target Support Files/Pods-PokeFinder/Pods-PokeFinder-resources.sh\"\n";
			showEnvVarsInLog = 0;
		};
		A15FFB69BA9578B609E7311C /* [CP] Check Pods Manifest.lock */ = {
			isa = PBXShellScriptBuildPhase;
			buildActionMask = 2147483647;
			files = (
			);
			inputPaths = (
			);
			name = "[CP] Check Pods Manifest.lock";
			outputPaths = (
			);
			runOnlyForDeploymentPostprocessing = 0;
			shellPath = /bin/sh;
			shellScript = "diff \"${PODS_PODFILE_DIR_PATH}/Podfile.lock\" \"${PODS_ROOT}/Manifest.lock\" > /dev/null\nif [ $? != 0 ] ; then\n    # print error to STDERR\n    echo \"error: The sandbox is not in sync with the Podfile.lock. Run 'pod install' or update your CocoaPods installation.\" >&2\n    exit 1\nfi\n";
			showEnvVarsInLog = 0;
		};
		CBEE1E9C02C4FF4665DB2834 /* [CP] Embed Pods Frameworks */ = {
			isa = PBXShellScriptBuildPhase;
			buildActionMask = 2147483647;
			files = (
			);
			inputPaths = (
			);
			name = "[CP] Embed Pods Frameworks";
			outputPaths = (
			);
			runOnlyForDeploymentPostprocessing = 0;
			shellPath = /bin/sh;
			shellScript = "\"${SRCROOT}/Pods/Target Support Files/Pods-PokeFinder/Pods-PokeFinder-frameworks.sh\"\n";
			showEnvVarsInLog = 0;
		};
/* End PBXShellScriptBuildPhase section */

/* Begin PBXSourcesBuildPhase section */
		EB2665B91EFEB7ED003CB4F5 /* Sources */ = {
			isa = PBXSourcesBuildPhase;
			buildActionMask = 2147483647;
			files = (
				EB2665E71EFEBA2C003CB4F5 /* GFBase32Utils.m in Sources */,
				EB623B301F0131DC005A614B /* PokeAnnotation.swift in Sources */,
				EB2665C31EFEB7ED003CB4F5 /* ViewController.swift in Sources */,
				EB2665E81EFEBA2C003CB4F5 /* GFGeoHash.m in Sources */,
				EB2665C11EFEB7ED003CB4F5 /* AppDelegate.swift in Sources */,
				EB2665E61EFEBA2C003CB4F5 /* GeoFire.m in Sources */,
				EB2665E91EFEBA2C003CB4F5 /* GFGeoHashQuery.m in Sources */,
				EB2665EA1EFEBA2C003CB4F5 /* GFQuery.m in Sources */,
			);
			runOnlyForDeploymentPostprocessing = 0;
		};
/* End PBXSourcesBuildPhase section */

/* Begin PBXVariantGroup section */
		EB2665C41EFEB7ED003CB4F5 /* Main.storyboard */ = {
			isa = PBXVariantGroup;
			children = (
				EB2665C51EFEB7ED003CB4F5 /* Base */,
			);
			name = Main.storyboard;
			sourceTree = "<group>";
		};
		EB2665C91EFEB7ED003CB4F5 /* LaunchScreen.storyboard */ = {
			isa = PBXVariantGroup;
			children = (
				EB2665CA1EFEB7ED003CB4F5 /* Base */,
			);
			name = LaunchScreen.storyboard;
			sourceTree = "<group>";
		};
/* End PBXVariantGroup section */

/* Begin XCBuildConfiguration section */
		EB2665CD1EFEB7ED003CB4F5 /* Debug */ = {
			isa = XCBuildConfiguration;
			buildSettings = {
				ALWAYS_SEARCH_USER_PATHS = NO;
				CLANG_ANALYZER_NONNULL = YES;
				CLANG_ANALYZER_NUMBER_OBJECT_CONVERSION = YES_AGGRESSIVE;
				CLANG_CXX_LANGUAGE_STANDARD = "gnu++0x";
				CLANG_CXX_LIBRARY = "libc++";
				CLANG_ENABLE_MODULES = YES;
				CLANG_ENABLE_OBJC_ARC = YES;
				CLANG_WARN_BOOL_CONVERSION = YES;
				CLANG_WARN_CONSTANT_CONVERSION = YES;
				CLANG_WARN_DIRECT_OBJC_ISA_USAGE = YES_ERROR;
				CLANG_WARN_DOCUMENTATION_COMMENTS = YES;
				CLANG_WARN_EMPTY_BODY = YES;
				CLANG_WARN_ENUM_CONVERSION = YES;
				CLANG_WARN_INFINITE_RECURSION = YES;
				CLANG_WARN_INT_CONVERSION = YES;
				CLANG_WARN_OBJC_ROOT_CLASS = YES_ERROR;
				CLANG_WARN_SUSPICIOUS_MOVE = YES;
				CLANG_WARN_UNREACHABLE_CODE = YES;
				CLANG_WARN__DUPLICATE_METHOD_MATCH = YES;
				"CODE_SIGN_IDENTITY[sdk=iphoneos*]" = "iPhone Developer";
				COPY_PHASE_STRIP = NO;
				DEBUG_INFORMATION_FORMAT = dwarf;
				ENABLE_STRICT_OBJC_MSGSEND = YES;
				ENABLE_TESTABILITY = YES;
				GCC_C_LANGUAGE_STANDARD = gnu99;
				GCC_DYNAMIC_NO_PIC = NO;
				GCC_NO_COMMON_BLOCKS = YES;
				GCC_OPTIMIZATION_LEVEL = 0;
				GCC_PREPROCESSOR_DEFINITIONS = (
					"DEBUG=1",
					"$(inherited)",
				);
				GCC_WARN_64_TO_32_BIT_CONVERSION = YES;
				GCC_WARN_ABOUT_RETURN_TYPE = YES_ERROR;
				GCC_WARN_UNDECLARED_SELECTOR = YES;
				GCC_WARN_UNINITIALIZED_AUTOS = YES_AGGRESSIVE;
				GCC_WARN_UNUSED_FUNCTION = YES;
				GCC_WARN_UNUSED_VARIABLE = YES;
				IPHONEOS_DEPLOYMENT_TARGET = 10.3;
				MTL_ENABLE_DEBUG_INFO = YES;
				ONLY_ACTIVE_ARCH = YES;
				SDKROOT = iphoneos;
				SWIFT_ACTIVE_COMPILATION_CONDITIONS = DEBUG;
				SWIFT_OPTIMIZATION_LEVEL = "-Onone";
				TARGETED_DEVICE_FAMILY = "1,2";
			};
			name = Debug;
		};
		EB2665CE1EFEB7ED003CB4F5 /* Release */ = {
			isa = XCBuildConfiguration;
			buildSettings = {
				ALWAYS_SEARCH_USER_PATHS = NO;
				CLANG_ANALYZER_NONNULL = YES;
				CLANG_ANALYZER_NUMBER_OBJECT_CONVERSION = YES_AGGRESSIVE;
				CLANG_CXX_LANGUAGE_STANDARD = "gnu++0x";
				CLANG_CXX_LIBRARY = "libc++";
				CLANG_ENABLE_MODULES = YES;
				CLANG_ENABLE_OBJC_ARC = YES;
				CLANG_WARN_BOOL_CONVERSION = YES;
				CLANG_WARN_CONSTANT_CONVERSION = YES;
				CLANG_WARN_DIRECT_OBJC_ISA_USAGE = YES_ERROR;
				CLANG_WARN_DOCUMENTATION_COMMENTS = YES;
				CLANG_WARN_EMPTY_BODY = YES;
				CLANG_WARN_ENUM_CONVERSION = YES;
				CLANG_WARN_INFINITE_RECURSION = YES;
				CLANG_WARN_INT_CONVERSION = YES;
				CLANG_WARN_OBJC_ROOT_CLASS = YES_ERROR;
				CLANG_WARN_SUSPICIOUS_MOVE = YES;
				CLANG_WARN_UNREACHABLE_CODE = YES;
				CLANG_WARN__DUPLICATE_METHOD_MATCH = YES;
				"CODE_SIGN_IDENTITY[sdk=iphoneos*]" = "iPhone Developer";
				COPY_PHASE_STRIP = NO;
				DEBUG_INFORMATION_FORMAT = "dwarf-with-dsym";
				ENABLE_NS_ASSERTIONS = NO;
				ENABLE_STRICT_OBJC_MSGSEND = YES;
				GCC_C_LANGUAGE_STANDARD = gnu99;
				GCC_NO_COMMON_BLOCKS = YES;
				GCC_WARN_64_TO_32_BIT_CONVERSION = YES;
				GCC_WARN_ABOUT_RETURN_TYPE = YES_ERROR;
				GCC_WARN_UNDECLARED_SELECTOR = YES;
				GCC_WARN_UNINITIALIZED_AUTOS = YES_AGGRESSIVE;
				GCC_WARN_UNUSED_FUNCTION = YES;
				GCC_WARN_UNUSED_VARIABLE = YES;
				IPHONEOS_DEPLOYMENT_TARGET = 10.3;
				MTL_ENABLE_DEBUG_INFO = NO;
				SDKROOT = iphoneos;
				SWIFT_OPTIMIZATION_LEVEL = "-Owholemodule";
				TARGETED_DEVICE_FAMILY = "1,2";
				VALIDATE_PRODUCT = YES;
			};
			name = Release;
		};
		EB2665D01EFEB7ED003CB4F5 /* Debug */ = {
			isa = XCBuildConfiguration;
			baseConfigurationReference = 2720EE322F0D5F776C3A5ED5 /* Pods-PokeFinder.debug.xcconfig */;
			buildSettings = {
				ASSETCATALOG_COMPILER_APPICON_NAME = AppIcon;
				DEVELOPMENT_TEAM = Z59CRYWHG5;
				INFOPLIST_FILE = PokeFinder/Info.plist;
				LD_RUNPATH_SEARCH_PATHS = "$(inherited) @executable_path/Frameworks";
				PRODUCT_BUNDLE_IDENTIFIER = com.masterbugs.PokeFinder;
				PRODUCT_NAME = "$(TARGET_NAME)";
				"SWIFT_OBJC_BRIDGING_HEADER[arch=*]" = "PokeFinder/PokeFinder-Bridging-Header.h";
				SWIFT_VERSION = 3.0;
			};
			name = Debug;
		};
		EB2665D11EFEB7ED003CB4F5 /* Release */ = {
			isa = XCBuildConfiguration;
			baseConfigurationReference = 5349045963E7D9F9C55F0C69 /* Pods-PokeFinder.release.xcconfig */;
			buildSettings = {
				ASSETCATALOG_COMPILER_APPICON_NAME = AppIcon;
				DEVELOPMENT_TEAM = Z59CRYWHG5;
				INFOPLIST_FILE = PokeFinder/Info.plist;
				LD_RUNPATH_SEARCH_PATHS = "$(inherited) @executable_path/Frameworks";
				PRODUCT_BUNDLE_IDENTIFIER = com.masterbugs.PokeFinder;
				PRODUCT_NAME = "$(TARGET_NAME)";
				SWIFT_VERSION = 3.0;
			};
			name = Release;
		};
/* End XCBuildConfiguration section */

/* Begin XCConfigurationList section */
		EB2665B81EFEB7ED003CB4F5 /* Build configuration list for PBXProject "PokeFinder" */ = {
			isa = XCConfigurationList;
			buildConfigurations = (
				EB2665CD1EFEB7ED003CB4F5 /* Debug */,
				EB2665CE1EFEB7ED003CB4F5 /* Release */,
			);
			defaultConfigurationIsVisible = 0;
			defaultConfigurationName = Release;
		};
		EB2665CF1EFEB7ED003CB4F5 /* Build configuration list for PBXNativeTarget "PokeFinder" */ = {
			isa = XCConfigurationList;
			buildConfigurations = (
				EB2665D01EFEB7ED003CB4F5 /* Debug */,
				EB2665D11EFEB7ED003CB4F5 /* Release */,
			);
			defaultConfigurationIsVisible = 0;
			defaultConfigurationName = Release;
		};
/* End XCConfigurationList section */
	};
	rootObject = EB2665B51EFEB7ED003CB4F5 /* Project object */;
}
